
Microsoft Visual Studio Solution File, Format Version 12.00
# Visual Studio Version 17
VisualStudioVersion = 17.0.31903.59
MinimumVisualStudioVersion = 10.0.40219.1
Project("{2150E333-8FDC-42A3-9474-1A3956D46DE8}") = "src", "src", "{56E3DE77-2594-4E40-9F9F-355314809028}"
EndProject
Project("{FAE04EC0-301F-11D3-BF4B-00C04F79EFBC}") = "OpenTelemetryToDo.Service", "src\OpenTelemetryToDo.Service\OpenTelemetryToDo.Service.csproj", "{BBBD8D1D-38EB-420D-8822-A3781ACFDCA4}"
EndProject
Global
	GlobalSection(SolutionConfigurationPlatforms) = preSolution
		Debug|Any CPU = Debug|Any CPU
		Release|Any CPU = Release|Any CPU
	EndGlobalSection
	GlobalSection(SolutionProperties) = preSolution
		HideSolutionNode = FALSE
	EndGlobalSection
	GlobalSection(ProjectConfigurationPlatforms) = postSolution
		{BBBD8D1D-38EB-420D-8822-A3781ACFDCA4}.Debug|Any CPU.ActiveCfg = Debug|Any CPU
		{BBBD8D1D-38EB-420D-8822-A3781ACFDCA4}.Debug|Any CPU.Build.0 = Debug|Any CPU
		{BBBD8D1D-38EB-420D-8822-A3781ACFDCA4}.Release|Any CPU.ActiveCfg = Release|Any CPU
		{BBBD8D1D-38EB-420D-8822-A3781ACFDCA4}.Release|Any CPU.Build.0 = Release|Any CPU
	EndGlobalSection
	GlobalSection(NestedProjects) = preSolution
		{BBBD8D1D-38EB-420D-8822-A3781ACFDCA4} = {56E3DE77-2594-4E40-9F9F-355314809028}
	EndGlobalSection
EndGlobal
